// !$*UTF8*$!
{
	archiveVersion = 1;
	classes = {
	};
	objectVersion = 55;
	objects = {

/* Begin PBXBuildFile section */
		B573CD1E27E0BD7A00A55509 /* AppDelegate.swift in Sources */ = {isa = PBXBuildFile; fileRef = B573CD1D27E0BD7A00A55509 /* AppDelegate.swift */; };
		B573CD2027E0BD7A00A55509 /* SceneDelegate.swift in Sources */ = {isa = PBXBuildFile; fileRef = B573CD1F27E0BD7A00A55509 /* SceneDelegate.swift */; };
		B573CD2227E0BD7A00A55509 /* OutfitViewController.swift in Sources */ = {isa = PBXBuildFile; fileRef = B573CD2127E0BD7A00A55509 /* OutfitViewController.swift */; };
		B573CD2527E0BD7A00A55509 /* Main.storyboard in Resources */ = {isa = PBXBuildFile; fileRef = B573CD2327E0BD7A00A55509 /* Main.storyboard */; };
		B573CD2727E0BD7C00A55509 /* Assets.xcassets in Resources */ = {isa = PBXBuildFile; fileRef = B573CD2627E0BD7C00A55509 /* Assets.xcassets */; };
		B573CD2A27E0BD7C00A55509 /* LaunchScreen.storyboard in Resources */ = {isa = PBXBuildFile; fileRef = B573CD2827E0BD7C00A55509 /* LaunchScreen.storyboard */; };
		B573CD3227E2192D00A55509 /* RegisterViewController.swift in Sources */ = {isa = PBXBuildFile; fileRef = B573CD3127E2192D00A55509 /* RegisterViewController.swift */; };
		B573CD3427E23B5600A55509 /* LoginViewController.swift in Sources */ = {isa = PBXBuildFile; fileRef = B573CD3327E23B5600A55509 /* LoginViewController.swift */; };
		B573CD3627E35CFD00A55509 /* FinalViewController.swift in Sources */ = {isa = PBXBuildFile; fileRef = B573CD3527E35CFD00A55509 /* FinalViewController.swift */; };
		B573CD3B27E36A9000A55509 /* GoogleService-Info.plist in Resources */ = {isa = PBXBuildFile; fileRef = B573CD3A27E36A9000A55509 /* GoogleService-Info.plist */; };
		B5772E8F286B47EC00C52DF1 /* TableViewCell.swift in Sources */ = {isa = PBXBuildFile; fileRef = B5772E8D286B47EC00C52DF1 /* TableViewCell.swift */; };
		B5772E90286B47EC00C52DF1 /* TableViewCell.xib in Resources */ = {isa = PBXBuildFile; fileRef = B5772E8E286B47EC00C52DF1 /* TableViewCell.xib */; };
		B5772E93286BAD6E00C52DF1 /* 97834-t-shirt.json in Resources */ = {isa = PBXBuildFile; fileRef = B5772E92286BAD6E00C52DF1 /* 97834-t-shirt.json */; };
		B5772E99286C546F00C52DF1 /* weatherDailyApiManager.swift in Sources */ = {isa = PBXBuildFile; fileRef = B5772E98286C546F00C52DF1 /* weatherDailyApiManager.swift */; };
		B5772E9B286C66E600C52DF1 /* WeatherDailyModel.swift in Sources */ = {isa = PBXBuildFile; fileRef = B5772E9A286C66E600C52DF1 /* WeatherDailyModel.swift */; };
		B5FB474427E9E56C00EF53C0 /* weatherApiManager.swift in Sources */ = {isa = PBXBuildFile; fileRef = B5FB474327E9E56C00EF53C0 /* weatherApiManager.swift */; };
		B5FB474627E9F91F00EF53C0 /* weatherData.swift in Sources */ = {isa = PBXBuildFile; fileRef = B5FB474527E9F91F00EF53C0 /* weatherData.swift */; };
		B5FB474827EA043A00EF53C0 /* WeatherModel.swift in Sources */ = {isa = PBXBuildFile; fileRef = B5FB474727EA043A00EF53C0 /* WeatherModel.swift */; };
		B5FB474A27F32B8200EF53C0 /* background  in Resources */ = {isa = PBXBuildFile; fileRef = B5FB474927F32B8200EF53C0 /* background  */; };
		D3EECB6841671AB3FB347AA3 /* Pods_clothable.framework in Frameworks */ = {isa = PBXBuildFile; fileRef = 212B82B0787D1B73E24BD596 /* Pods_clothable.framework */; };
/* End PBXBuildFile section */

/* Begin PBXFileReference section */
		212B82B0787D1B73E24BD596 /* Pods_clothable.framework */ = {isa = PBXFileReference; explicitFileType = wrapper.framework; includeInIndex = 0; path = Pods_clothable.framework; sourceTree = BUILT_PRODUCTS_DIR; };
		8DC9BB1A9B49697B71C2DD4E /* Pods-clothable.debug.xcconfig */ = {isa = PBXFileReference; includeInIndex = 1; lastKnownFileType = text.xcconfig; name = "Pods-clothable.debug.xcconfig"; path = "Target Support Files/Pods-clothable/Pods-clothable.debug.xcconfig"; sourceTree = "<group>"; };
		AC639D03687360A6556E8401 /* Pods-clothable.release.xcconfig */ = {isa = PBXFileReference; includeInIndex = 1; lastKnownFileType = text.xcconfig; name = "Pods-clothable.release.xcconfig"; path = "Target Support Files/Pods-clothable/Pods-clothable.release.xcconfig"; sourceTree = "<group>"; };
		B573CD1A27E0BD7A00A55509 /* clothable.app */ = {isa = PBXFileReference; explicitFileType = wrapper.application; includeInIndex = 0; path = clothable.app; sourceTree = BUILT_PRODUCTS_DIR; };
		B573CD1D27E0BD7A00A55509 /* AppDelegate.swift */ = {isa = PBXFileReference; lastKnownFileType = sourcecode.swift; path = AppDelegate.swift; sourceTree = "<group>"; };
		B573CD1F27E0BD7A00A55509 /* SceneDelegate.swift */ = {isa = PBXFileReference; lastKnownFileType = sourcecode.swift; path = SceneDelegate.swift; sourceTree = "<group>"; };
		B573CD2127E0BD7A00A55509 /* OutfitViewController.swift */ = {isa = PBXFileReference; lastKnownFileType = sourcecode.swift; path = OutfitViewController.swift; sourceTree = "<group>"; };
		B573CD2427E0BD7A00A55509 /* Base */ = {isa = PBXFileReference; lastKnownFileType = file.storyboard; name = Base; path = Base.lproj/Main.storyboard; sourceTree = "<group>"; };
		B573CD2627E0BD7C00A55509 /* Assets.xcassets */ = {isa = PBXFileReference; lastKnownFileType = folder.assetcatalog; path = Assets.xcassets; sourceTree = "<group>"; };
		B573CD2927E0BD7C00A55509 /* Base */ = {isa = PBXFileReference; lastKnownFileType = file.storyboard; name = Base; path = Base.lproj/LaunchScreen.storyboard; sourceTree = "<group>"; };
		B573CD2B27E0BD7C00A55509 /* Info.plist */ = {isa = PBXFileReference; lastKnownFileType = text.plist.xml; path = Info.plist; sourceTree = "<group>"; };
		B573CD3127E2192D00A55509 /* RegisterViewController.swift */ = {isa = PBXFileReference; lastKnownFileType = sourcecode.swift; path = RegisterViewController.swift; sourceTree = "<group>"; };
		B573CD3327E23B5600A55509 /* LoginViewController.swift */ = {isa = PBXFileReference; lastKnownFileType = sourcecode.swift; path = LoginViewController.swift; sourceTree = "<group>"; };
		B573CD3527E35CFD00A55509 /* FinalViewController.swift */ = {isa = PBXFileReference; lastKnownFileType = sourcecode.swift; path = FinalViewController.swift; sourceTree = "<group>"; };
		B573CD3A27E36A9000A55509 /* GoogleService-Info.plist */ = {isa = PBXFileReference; fileEncoding = 4; lastKnownFileType = text.plist.xml; path = "GoogleService-Info.plist"; sourceTree = "<group>"; };
		B5772E8D286B47EC00C52DF1 /* TableViewCell.swift */ = {isa = PBXFileReference; lastKnownFileType = sourcecode.swift; path = TableViewCell.swift; sourceTree = "<group>"; };
		B5772E8E286B47EC00C52DF1 /* TableViewCell.xib */ = {isa = PBXFileReference; lastKnownFileType = file.xib; path = TableViewCell.xib; sourceTree = "<group>"; };
		B5772E92286BAD6E00C52DF1 /* 97834-t-shirt.json */ = {isa = PBXFileReference; fileEncoding = 4; lastKnownFileType = text.json; path = "97834-t-shirt.json"; sourceTree = "<group>"; };
		B5772E98286C546F00C52DF1 /* weatherDailyApiManager.swift */ = {isa = PBXFileReference; lastKnownFileType = sourcecode.swift; path = weatherDailyApiManager.swift; sourceTree = "<group>"; };
		B5772E9A286C66E600C52DF1 /* WeatherDailyModel.swift */ = {isa = PBXFileReference; lastKnownFileType = sourcecode.swift; path = WeatherDailyModel.swift; sourceTree = "<group>"; };
		B5FB474327E9E56C00EF53C0 /* weatherApiManager.swift */ = {isa = PBXFileReference; lastKnownFileType = sourcecode.swift; path = weatherApiManager.swift; sourceTree = "<group>"; };
		B5FB474527E9F91F00EF53C0 /* weatherData.swift */ = {isa = PBXFileReference; lastKnownFileType = sourcecode.swift; path = weatherData.swift; sourceTree = "<group>"; };
		B5FB474727EA043A00EF53C0 /* WeatherModel.swift */ = {isa = PBXFileReference; lastKnownFileType = sourcecode.swift; path = WeatherModel.swift; sourceTree = "<group>"; };
		B5FB474927F32B8200EF53C0 /* background  */ = {isa = PBXFileReference; lastKnownFileType = folder; path = "background "; sourceTree = "<group>"; };
/* End PBXFileReference section */

/* Begin PBXFrameworksBuildPhase section */
		B573CD1727E0BD7A00A55509 /* Frameworks */ = {
			isa = PBXFrameworksBuildPhase;
			buildActionMask = 2147483647;
			files = (
				D3EECB6841671AB3FB347AA3 /* Pods_clothable.framework in Frameworks */,
			);
			runOnlyForDeploymentPostprocessing = 0;
		};
/* End PBXFrameworksBuildPhase section */

/* Begin PBXGroup section */
		73EC75EF2426BE128811EB68 /* Pods */ = {
			isa = PBXGroup;
			children = (
				8DC9BB1A9B49697B71C2DD4E /* Pods-clothable.debug.xcconfig */,
				AC639D03687360A6556E8401 /* Pods-clothable.release.xcconfig */,
			);
			path = Pods;
			sourceTree = "<group>";
		};
		B573CD1127E0BD7A00A55509 = {
			isa = PBXGroup;
			children = (
				B573CD1C27E0BD7A00A55509 /* clothable */,
				B573CD1B27E0BD7A00A55509 /* Products */,
				73EC75EF2426BE128811EB68 /* Pods */,
				BA3B5132DD208D4205BFADFA /* Frameworks */,
			);
			sourceTree = "<group>";
		};
		B573CD1B27E0BD7A00A55509 /* Products */ = {
			isa = PBXGroup;
			children = (
				B573CD1A27E0BD7A00A55509 /* clothable.app */,
			);
			name = Products;
			sourceTree = "<group>";
		};
		B573CD1C27E0BD7A00A55509 /* clothable */ = {
			isa = PBXGroup;
			children = (
				B573CD1D27E0BD7A00A55509 /* AppDelegate.swift */,
				B573CD1F27E0BD7A00A55509 /* SceneDelegate.swift */,
				B573CD3927E35EC000A55509 /* model */,
				B573CD3827E35E3700A55509 /* view */,
				B573CD3727E35D4100A55509 /* Controlers */,
				B573CD2627E0BD7C00A55509 /* Assets.xcassets */,
				B5772E92286BAD6E00C52DF1 /* 97834-t-shirt.json */,
				B5FB474927F32B8200EF53C0 /* background  */,
				B573CD2827E0BD7C00A55509 /* LaunchScreen.storyboard */,
				B573CD2B27E0BD7C00A55509 /* Info.plist */,
				B573CD3A27E36A9000A55509 /* GoogleService-Info.plist */,
			);
			path = clothable;
			sourceTree = "<group>";
		};
		B573CD3727E35D4100A55509 /* Controlers */ = {
			isa = PBXGroup;
			children = (
				B573CD2127E0BD7A00A55509 /* OutfitViewController.swift */,
				B573CD3127E2192D00A55509 /* RegisterViewController.swift */,
				B573CD3327E23B5600A55509 /* LoginViewController.swift */,
				B573CD3527E35CFD00A55509 /* FinalViewController.swift */,
				B5772E91286B47F700C52DF1 /* Cell */,
			);
			path = Controlers;
			sourceTree = "<group>";
		};
		B573CD3827E35E3700A55509 /* view */ = {
			isa = PBXGroup;
			children = (
				B573CD2327E0BD7A00A55509 /* Main.storyboard */,
			);
			path = view;
			sourceTree = "<group>";
		};
		B573CD3927E35EC000A55509 /* model */ = {
			isa = PBXGroup;
			children = (
				B5FB474327E9E56C00EF53C0 /* weatherApiManager.swift */,
				B5772E98286C546F00C52DF1 /* weatherDailyApiManager.swift */,
				B5FB474527E9F91F00EF53C0 /* weatherData.swift */,
				B5FB474727EA043A00EF53C0 /* WeatherModel.swift */,
				B5772E9A286C66E600C52DF1 /* WeatherDailyModel.swift */,
			);
			path = model;
			sourceTree = "<group>";
		};
		B5772E91286B47F700C52DF1 /* Cell */ = {
			isa = PBXGroup;
			children = (
				B5772E8D286B47EC00C52DF1 /* TableViewCell.swift */,
				B5772E8E286B47EC00C52DF1 /* TableViewCell.xib */,
			);
			path = Cell;
			sourceTree = "<group>";
		};
		BA3B5132DD208D4205BFADFA /* Frameworks */ = {
			isa = PBXGroup;
			children = (
				212B82B0787D1B73E24BD596 /* Pods_clothable.framework */,
			);
			name = Frameworks;
			sourceTree = "<group>";
		};
/* End PBXGroup section */

/* Begin PBXNativeTarget section */
		B573CD1927E0BD7A00A55509 /* clothable */ = {
			isa = PBXNativeTarget;
			buildConfigurationList = B573CD2E27E0BD7C00A55509 /* Build configuration list for PBXNativeTarget "clothable" */;
			buildPhases = (
				B4F566C76EB857CEE9EEE49C /* [CP] Check Pods Manifest.lock */,
				B573CD1627E0BD7A00A55509 /* Sources */,
				B573CD1727E0BD7A00A55509 /* Frameworks */,
				B573CD1827E0BD7A00A55509 /* Resources */,
				84BFFB1DBD5098A210DD123B /* [CP] Embed Pods Frameworks */,
			);
			buildRules = (
			);
			dependencies = (
			);
			name = clothable;
			productName = clothable;
			productReference = B573CD1A27E0BD7A00A55509 /* clothable.app */;
			productType = "com.apple.product-type.application";
		};
/* End PBXNativeTarget section */

/* Begin PBXProject section */
		B573CD1227E0BD7A00A55509 /* Project object */ = {
			isa = PBXProject;
			attributes = {
				BuildIndependentTargetsInParallel = 1;
				LastSwiftUpdateCheck = 1320;
				LastUpgradeCheck = 1320;
				TargetAttributes = {
					B573CD1927E0BD7A00A55509 = {
						CreatedOnToolsVersion = 13.2.1;
					};
				};
			};
			buildConfigurationList = B573CD1527E0BD7A00A55509 /* Build configuration list for PBXProject "clothable" */;
			compatibilityVersion = "Xcode 13.0";
			developmentRegion = en;
			hasScannedForEncodings = 0;
			knownRegions = (
				en,
				Base,
			);
			mainGroup = B573CD1127E0BD7A00A55509;
			productRefGroup = B573CD1B27E0BD7A00A55509 /* Products */;
			projectDirPath = "";
			projectRoot = "";
			targets = (
				B573CD1927E0BD7A00A55509 /* clothable */,
			);
		};
/* End PBXProject section */

/* Begin PBXResourcesBuildPhase section */
		B573CD1827E0BD7A00A55509 /* Resources */ = {
			isa = PBXResourcesBuildPhase;
			buildActionMask = 2147483647;
			files = (
				B573CD2A27E0BD7C00A55509 /* LaunchScreen.storyboard in Resources */,
				B5772E93286BAD6E00C52DF1 /* 97834-t-shirt.json in Resources */,
				B5772E90286B47EC00C52DF1 /* TableViewCell.xib in Resources */,
				B573CD3B27E36A9000A55509 /* GoogleService-Info.plist in Resources */,
				B5FB474A27F32B8200EF53C0 /* background  in Resources */,
				B573CD2727E0BD7C00A55509 /* Assets.xcassets in Resources */,
				B573CD2527E0BD7A00A55509 /* Main.storyboard in Resources */,
			);
			runOnlyForDeploymentPostprocessing = 0;
		};
/* End PBXResourcesBuildPhase section */

/* Begin PBXShellScriptBuildPhase section */
		84BFFB1DBD5098A210DD123B /* [CP] Embed Pods Frameworks */ = {
			isa = PBXShellScriptBuildPhase;
			buildActionMask = 2147483647;
			files = (
			);
			inputFileListPaths = (
				"${PODS_ROOT}/Target Support Files/Pods-clothable/Pods-clothable-frameworks-${CONFIGURATION}-input-files.xcfilelist",
			);
			name = "[CP] Embed Pods Frameworks";
			outputFileListPaths = (
				"${PODS_ROOT}/Target Support Files/Pods-clothable/Pods-clothable-frameworks-${CONFIGURATION}-output-files.xcfilelist",
			);
			runOnlyForDeploymentPostprocessing = 0;
			shellPath = /bin/sh;
			shellScript = "\"${PODS_ROOT}/Target Support Files/Pods-clothable/Pods-clothable-frameworks.sh\"\n";
			showEnvVarsInLog = 0;
		};
		B4F566C76EB857CEE9EEE49C /* [CP] Check Pods Manifest.lock */ = {
			isa = PBXShellScriptBuildPhase;
			buildActionMask = 2147483647;
			files = (
			);
			inputFileListPaths = (
			);
			inputPaths = (
				"${PODS_PODFILE_DIR_PATH}/Podfile.lock",
				"${PODS_ROOT}/Manifest.lock",
			);
			name = "[CP] Check Pods Manifest.lock";
			outputFileListPaths = (
			);
			outputPaths = (
				"$(DERIVED_FILE_DIR)/Pods-clothable-checkManifestLockResult.txt",
			);
			runOnlyForDeploymentPostprocessing = 0;
			shellPath = /bin/sh;
			shellScript = "diff \"${PODS_PODFILE_DIR_PATH}/Podfile.lock\" \"${PODS_ROOT}/Manifest.lock\" > /dev/null\nif [ $? != 0 ] ; then\n    # print error to STDERR\n    echo \"error: The sandbox is not in sync with the Podfile.lock. Run 'pod install' or update your CocoaPods installation.\" >&2\n    exit 1\nfi\n# This output is used by Xcode 'outputs' to avoid re-running this script phase.\necho \"SUCCESS\" > \"${SCRIPT_OUTPUT_FILE_0}\"\n";
			showEnvVarsInLog = 0;
		};
/* End PBXShellScriptBuildPhase section */

/* Begin PBXSourcesBuildPhase section */
		B573CD1627E0BD7A00A55509 /* Sources */ = {
			isa = PBXSourcesBuildPhase;
			buildActionMask = 2147483647;
			files = (
				B5772E9B286C66E600C52DF1 /* WeatherDailyModel.swift in Sources */,
				B573CD3227E2192D00A55509 /* RegisterViewController.swift in Sources */,
				B573CD3627E35CFD00A55509 /* FinalViewController.swift in Sources */,
				B5772E99286C546F00C52DF1 /* weatherDailyApiManager.swift in Sources */,
				B573CD2227E0BD7A00A55509 /* OutfitViewController.swift in Sources */,
				B5FB474427E9E56C00EF53C0 /* weatherApiManager.swift in Sources */,
				B5FB474827EA043A00EF53C0 /* WeatherModel.swift in Sources */,
				B5772E8F286B47EC00C52DF1 /* TableViewCell.swift in Sources */,
				B573CD1E27E0BD7A00A55509 /* AppDelegate.swift in Sources */,
				B573CD3427E23B5600A55509 /* LoginViewController.swift in Sources */,
				B5FB474627E9F91F00EF53C0 /* weatherData.swift in Sources */,
				B573CD2027E0BD7A00A55509 /* SceneDelegate.swift in Sources */,
			);
			runOnlyForDeploymentPostprocessing = 0;
		};
/* End PBXSourcesBuildPhase section */

/* Begin PBXVariantGroup section */
		B573CD2327E0BD7A00A55509 /* Main.storyboard */ = {
			isa = PBXVariantGroup;
			children = (
				B573CD2427E0BD7A00A55509 /* Base */,
			);
			name = Main.storyboard;
			sourceTree = "<group>";
		};
		B573CD2827E0BD7C00A55509 /* LaunchScreen.storyboard */ = {
			isa = PBXVariantGroup;
			children = (
				B573CD2927E0BD7C00A55509 /* Base */,
			);
			name = LaunchScreen.storyboard;
			sourceTree = "<group>";
		};
/* End PBXVariantGroup section */

/* Begin XCBuildConfiguration section */
		B573CD2C27E0BD7C00A55509 /* Debug */ = {
			isa = XCBuildConfiguration;
			buildSettings = {
				ALWAYS_SEARCH_USER_PATHS = NO;
				CLANG_ANALYZER_NONNULL = YES;
				CLANG_ANALYZER_NUMBER_OBJECT_CONVERSION = YES_AGGRESSIVE;
				CLANG_CXX_LANGUAGE_STANDARD = "gnu++17";
				CLANG_CXX_LIBRARY = "libc++";
				CLANG_ENABLE_MODULES = YES;
				CLANG_ENABLE_OBJC_ARC = YES;
				CLANG_ENABLE_OBJC_WEAK = YES;
				CLANG_WARN_BLOCK_CAPTURE_AUTORELEASING = YES;
				CLANG_WARN_BOOL_CONVERSION = YES;
				CLANG_WARN_COMMA = YES;
				CLANG_WARN_CONSTANT_CONVERSION = YES;
				CLANG_WARN_DEPRECATED_OBJC_IMPLEMENTATIONS = YES;
				CLANG_WARN_DIRECT_OBJC_ISA_USAGE = YES_ERROR;
				CLANG_WARN_DOCUMENTATION_COMMENTS = YES;
				CLANG_WARN_EMPTY_BODY = YES;
				CLANG_WARN_ENUM_CONVERSION = YES;
				CLANG_WARN_INFINITE_RECURSION = YES;
				CLANG_WARN_INT_CONVERSION = YES;
				CLANG_WARN_NON_LITERAL_NULL_CONVERSION = YES;
				CLANG_WARN_OBJC_IMPLICIT_RETAIN_SELF = YES;
				CLANG_WARN_OBJC_LITERAL_CONVERSION = YES;
				CLANG_WARN_OBJC_ROOT_CLASS = YES_ERROR;
				CLANG_WARN_QUOTED_INCLUDE_IN_FRAMEWORK_HEADER = YES;
				CLANG_WARN_RANGE_LOOP_ANALYSIS = YES;
				CLANG_WARN_STRICT_PROTOTYPES = YES;
				CLANG_WARN_SUSPICIOUS_MOVE = YES;
				CLANG_WARN_UNGUARDED_AVAILABILITY = YES_AGGRESSIVE;
				CLANG_WARN_UNREACHABLE_CODE = YES;
				CLANG_WARN__DUPLICATE_METHOD_MATCH = YES;
				COPY_PHASE_STRIP = NO;
				DEBUG_INFORMATION_FORMAT = dwarf;
				ENABLE_STRICT_OBJC_MSGSEND = YES;
				ENABLE_TESTABILITY = YES;
				GCC_C_LANGUAGE_STANDARD = gnu11;
				GCC_DYNAMIC_NO_PIC = NO;
				GCC_NO_COMMON_BLOCKS = YES;
				GCC_OPTIMIZATION_LEVEL = 0;
				GCC_PREPROCESSOR_DEFINITIONS = (
					"DEBUG=1",
					"$(inherited)",
				);
				GCC_WARN_64_TO_32_BIT_CONVERSION = YES;
				GCC_WARN_ABOUT_RETURN_TYPE = YES_ERROR;
				GCC_WARN_UNDECLARED_SELECTOR = YES;
				GCC_WARN_UNINITIALIZED_AUTOS = YES_AGGRESSIVE;
				GCC_WARN_UNUSED_FUNCTION = YES;
				GCC_WARN_UNUSED_VARIABLE = YES;
				IPHONEOS_DEPLOYMENT_TARGET = 12.0;
				MTL_ENABLE_DEBUG_INFO = INCLUDE_SOURCE;
				MTL_FAST_MATH = YES;
				ONLY_ACTIVE_ARCH = YES;
				SDKROOT = iphoneos;
				SWIFT_ACTIVE_COMPILATION_CONDITIONS = DEBUG;
				SWIFT_OPTIMIZATION_LEVEL = "-Onone";
			};
			name = Debug;
		};
		B573CD2D27E0BD7C00A55509 /* Release */ = {
			isa = XCBuildConfiguration;
			buildSettings = {
				ALWAYS_SEARCH_USER_PATHS = NO;
				CLANG_ANALYZER_NONNULL = YES;
				CLANG_ANALYZER_NUMBER_OBJECT_CONVERSION = YES_AGGRESSIVE;
				CLANG_CXX_LANGUAGE_STANDARD = "gnu++17";
				CLANG_CXX_LIBRARY = "libc++";
				CLANG_ENABLE_MODULES = YES;
				CLANG_ENABLE_OBJC_ARC = YES;
				CLANG_ENABLE_OBJC_WEAK = YES;
				CLANG_WARN_BLOCK_CAPTURE_AUTORELEASING = YES;
				CLANG_WARN_BOOL_CONVERSION = YES;
				CLANG_WARN_COMMA = YES;
				CLANG_WARN_CONSTANT_CONVERSION = YES;
				CLANG_WARN_DEPRECATED_OBJC_IMPLEMENTATIONS = YES;
				CLANG_WARN_DIRECT_OBJC_ISA_USAGE = YES_ERROR;
				CLANG_WARN_DOCUMENTATION_COMMENTS = YES;
				CLANG_WARN_EMPTY_BODY = YES;
				CLANG_WARN_ENUM_CONVERSION = YES;
				CLANG_WARN_INFINITE_RECURSION = YES;
				CLANG_WARN_INT_CONVERSION = YES;
				CLANG_WARN_NON_LITERAL_NULL_CONVERSION = YES;
				CLANG_WARN_OBJC_IMPLICIT_RETAIN_SELF = YES;
				CLANG_WARN_OBJC_LITERAL_CONVERSION = YES;
				CLANG_WARN_OBJC_ROOT_CLASS = YES_ERROR;
				CLANG_WARN_QUOTED_INCLUDE_IN_FRAMEWORK_HEADER = YES;
				CLANG_WARN_RANGE_LOOP_ANALYSIS = YES;
				CLANG_WARN_STRICT_PROTOTYPES = YES;
				CLANG_WARN_SUSPICIOUS_MOVE = YES;
				CLANG_WARN_UNGUARDED_AVAILABILITY = YES_AGGRESSIVE;
				CLANG_WARN_UNREACHABLE_CODE = YES;
				CLANG_WARN__DUPLICATE_METHOD_MATCH = YES;
				COPY_PHASE_STRIP = NO;
				DEBUG_INFORMATION_FORMAT = "dwarf-with-dsym";
				ENABLE_NS_ASSERTIONS = NO;
				ENABLE_STRICT_OBJC_MSGSEND = YES;
				GCC_C_LANGUAGE_STANDARD = gnu11;
				GCC_NO_COMMON_BLOCKS = YES;
				GCC_WARN_64_TO_32_BIT_CONVERSION = YES;
				GCC_WARN_ABOUT_RETURN_TYPE = YES_ERROR;
				GCC_WARN_UNDECLARED_SELECTOR = YES;
				GCC_WARN_UNINITIALIZED_AUTOS = YES_AGGRESSIVE;
				GCC_WARN_UNUSED_FUNCTION = YES;
				GCC_WARN_UNUSED_VARIABLE = YES;
				IPHONEOS_DEPLOYMENT_TARGET = 12.0;
				MTL_ENABLE_DEBUG_INFO = NO;
				MTL_FAST_MATH = YES;
				SDKROOT = iphoneos;
				SWIFT_COMPILATION_MODE = wholemodule;
				SWIFT_OPTIMIZATION_LEVEL = "-O";
				VALIDATE_PRODUCT = YES;
			};
			name = Release;
		};
		B573CD2F27E0BD7C00A55509 /* Debug */ = {
			isa = XCBuildConfiguration;
			baseConfigurationReference = 8DC9BB1A9B49697B71C2DD4E /* Pods-clothable.debug.xcconfig */;
			buildSettings = {
				ASSETCATALOG_COMPILER_APPICON_NAME = AppIcon;
				ASSETCATALOG_COMPILER_GLOBAL_ACCENT_COLOR_NAME = AccentColor;
				CODE_SIGN_STYLE = Automatic;
				CURRENT_PROJECT_VERSION = 1;
				DEVELOPMENT_TEAM = 58B2FCY6S5;
				GENERATE_INFOPLIST_FILE = YES;
				INFOPLIST_FILE = clothable/Info.plist;
				INFOPLIST_KEY_UIApplicationSupportsIndirectInputEvents = YES;
				INFOPLIST_KEY_UILaunchStoryboardName = LaunchScreen;
				INFOPLIST_KEY_UIMainStoryboardFile = Main;
				INFOPLIST_KEY_UISupportedInterfaceOrientations_iPad = "UIInterfaceOrientationPortrait UIInterfaceOrientationPortraitUpsideDown UIInterfaceOrientationLandscapeLeft UIInterfaceOrientationLandscapeRight";
				INFOPLIST_KEY_UISupportedInterfaceOrientations_iPhone = "UIInterfaceOrientationPortrait UIInterfaceOrientationLandscapeLeft UIInterfaceOrientationLandscapeRight";
				IPHONEOS_DEPLOYMENT_TARGET = 13.0;
				LD_RUNPATH_SEARCH_PATHS = (
					"$(inherited)",
					"@executable_path/Frameworks",
				);
				MARKETING_VERSION = 1.0;
				PRODUCT_BUNDLE_IDENTIFIER = co.nikola.clothable;
				PRODUCT_NAME = "$(TARGET_NAME)";
				SWIFT_EMIT_LOC_STRINGS = YES;
				SWIFT_VERSION = 5.0;
				TARGETED_DEVICE_FAMILY = "1,2";
			};
			name = Debug;
		};
		B573CD3027E0BD7C00A55509 /* Release */ = {
			isa = XCBuildConfiguration;
			baseConfigurationReference = AC639D03687360A6556E8401 /* Pods-clothable.release.xcconfig */;
			buildSettings = {
				ASSETCATALOG_COMPILER_APPICON_NAME = AppIcon;
				ASSETCATALOG_COMPILER_GLOBAL_ACCENT_COLOR_NAME = AccentColor;
				CODE_SIGN_STYLE = Automatic;
				CURRENT_PROJECT_VERSION = 1;
				DEVELOPMENT_TEAM = 58B2FCY6S5;
				GENERATE_INFOPLIST_FILE = YES;
				INFOPLIST_FILE = clothable/Info.plist;
				INFOPLIST_KEY_UIApplicationSupportsIndirectInputEvents = YES;
				INFOPLIST_KEY_UILaunchStoryboardName = LaunchScreen;
				INFOPLIST_KEY_UIMainStoryboardFile = Main;
				INFOPLIST_KEY_UISupportedInterfaceOrientations_iPad = "UIInterfaceOrientationPortrait UIInterfaceOrientationPortraitUpsideDown UIInterfaceOrientationLandscapeLeft UIInterfaceOrientationLandscapeRight";
				INFOPLIST_KEY_UISupportedInterfaceOrientations_iPhone = "UIInterfaceOrientationPortrait UIInterfaceOrientationLandscapeLeft UIInterfaceOrientationLandscapeRight";
				IPHONEOS_DEPLOYMENT_TARGET = 13.0;
				LD_RUNPATH_SEARCH_PATHS = (
					"$(inherited)",
					"@executable_path/Frameworks",
				);
				MARKETING_VERSION = 1.0;
				PRODUCT_BUNDLE_IDENTIFIER = co.nikola.clothable;
				PRODUCT_NAME = "$(TARGET_NAME)";
				SWIFT_EMIT_LOC_STRINGS = YES;
				SWIFT_VERSION = 5.0;
				TARGETED_DEVICE_FAMILY = "1,2";
			};
			name = Release;
		};
/* End XCBuildConfiguration section */

/* Begin XCConfigurationList section */
		B573CD1527E0BD7A00A55509 /* Build configuration list for PBXProject "clothable" */ = {
			isa = XCConfigurationList;
			buildConfigurations = (
				B573CD2C27E0BD7C00A55509 /* Debug */,
				B573CD2D27E0BD7C00A55509 /* Release */,
			);
			defaultConfigurationIsVisible = 0;
			defaultConfigurationName = Release;
		};
		B573CD2E27E0BD7C00A55509 /* Build configuration list for PBXNativeTarget "clothable" */ = {
			isa = XCConfigurationList;
			buildConfigurations = (
				B573CD2F27E0BD7C00A55509 /* Debug */,
				B573CD3027E0BD7C00A55509 /* Release */,
			);
			defaultConfigurationIsVisible = 0;
			defaultConfigurationName = Release;
		};
/* End XCConfigurationList section */
	};
	rootObject = B573CD1227E0BD7A00A55509 /* Project object */;
}
